
Microsoft Visual Studio Solution File, Format Version 12.00
# Visual Studio 2013
VisualStudioVersion = 12.0.21005.1
MinimumVisualStudioVersion = 10.0.40219.1
Project("{FAE04EC0-301F-11D3-BF4B-00C04F79EFBC}") = "aquasentin", "aquasentin\aquasentin.csproj", "{2eaa13ec-e435-487f-a4fa-cb1cdbdd6eaf}"
EndProject
Project("{FAE04EC0-301F-11D3-BF4B-00C04F79EFBC}") = "aquasentin.UnitTests", "aquasentin.UnitTests\aquasentin.UnitTests.csproj", "{1e9150c5-7364-433a-96e6-b5dc4eeb0106}"
EndProject
Global
	GlobalSection(SolutionConfigurationPlatforms) = preSolution
		Debug|Any CPU = Debug|Any CPU
		Release|Any CPU = Release|Any CPU
	EndGlobalSection
	GlobalSection(ProjectConfigurationPlatforms) = postSolution
		{2eaa13ec-e435-487f-a4fa-cb1cdbdd6eaf}.Debug|Any CPU.ActiveCfg = Debug|Any CPU
		{2eaa13ec-e435-487f-a4fa-cb1cdbdd6eaf}.Debug|Any CPU.Build.0 = Debug|Any CPU
		{2eaa13ec-e435-487f-a4fa-cb1cdbdd6eaf}.Release|Any CPU.ActiveCfg = Release|Any CPU
		{2eaa13ec-e435-487f-a4fa-cb1cdbdd6eaf}.Release|Any CPU.Build.0 = Release|Any CPU
		{1e9150c5-7364-433a-96e6-b5dc4eeb0106}.Debug|Any CPU.ActiveCfg = Debug|Any CPU
		{1e9150c5-7364-433a-96e6-b5dc4eeb0106}.Debug|Any CPU.Build.0 = Debug|Any CPU
		{1e9150c5-7364-433a-96e6-b5dc4eeb0106}.Release|Any CPU.ActiveCfg = Release|Any CPU
		{1e9150c5-7364-433a-96e6-b5dc4eeb0106}.Release|Any CPU.Build.0 = Release|Any CPU
	EndGlobalSection
	GlobalSection(SolutionProperties) = preSolution
		HideSolutionNode = FALSE
	EndGlobalSection
EndGlobal
